Microsoft Visual Studio Solution File, Format Version 12.00
# Visual Studio Version 17
VisualStudioVersion = 17.5.2.0
MinimumVisualStudioVersion = 10.0.40219.1
Project("{FAE04EC0-301F-11D3-BF4B-00C04F79EFBC}") = "BlazorEventManagementSystem", "BlazorEventManagementSystem.csproj", "{F768F95F-491E-514F-6493-EC5EEDB92E49}"
EndProject
Global
	GlobalSection(SolutionConfigurationPlatforms) = preSolution
		Debug|Any CPU = Debug|Any CPU
		Release|Any CPU = Release|Any CPU
	EndGlobalSection
	GlobalSection(ProjectConfigurationPlatforms) = postSolution
		{F768F95F-491E-514F-6493-EC5EEDB92E49}.Debug|Any CPU.ActiveCfg = Debug|Any CPU
		{F768F95F-491E-514F-6493-EC5EEDB92E49}.Debug|Any CPU.Build.0 = Debug|Any CPU
		{F768F95F-491E-514F-6493-EC5EEDB92E49}.Release|Any CPU.ActiveCfg = Release|Any CPU
		{F768F95F-491E-514F-6493-EC5EEDB92E49}.Release|Any CPU.Build.0 = Release|Any CPU
	EndGlobalSection
	GlobalSection(SolutionProperties) = preSolution
		HideSolutionNode = FALSE
	EndGlobalSection
	GlobalSection(ExtensibilityGlobals) = postSolution
		SolutionGuid = {9B4B9E7F-9EFF-4F35-9015-AD6630DA7A34}
	EndGlobalSection
EndGlobal
